
Microsoft Visual Studio Solution File, Format Version 12.00
# Visual Studio Version 16
VisualStudioVersion = 16.0.30114.105
MinimumVisualStudioVersion = 10.0.40219.1
Project("{FAE04EC0-301F-11D3-BF4B-00C04F79EFBC}") = "ProEventos.Application", "ProEventos.Application\ProEventos.Application.csproj", "{4CD5FA48-233A-4EF1-AD2E-BBF58D7D27EB}"
EndProject
Project("{FAE04EC0-301F-11D3-BF4B-00C04F79EFBC}") = "ProEventos.Domain", "ProEventos.Domain\ProEventos.Domain.csproj", "{4A569870-ECBF-4877-895C-D3ECEE4C6708}"
EndProject
Project("{FAE04EC0-301F-11D3-BF4B-00C04F79EFBC}") = "ProEventos.API", "ProEventos.API\ProEventos.API.csproj", "{C09D51C2-5878-4A34-A368-3A1B329E1A5B}"
EndProject
Project("{FAE04EC0-301F-11D3-BF4B-00C04F79EFBC}") = "ProEventos.Persistence", "ProEventos.Persistence\ProEventos.Persistence.csproj", "{79A1E4A6-6820-44FA-8C63-D76557C635AC}"
EndProject
Global
	GlobalSection(SolutionConfigurationPlatforms) = preSolution
		Debug|Any CPU = Debug|Any CPU
		Debug|x64 = Debug|x64
		Debug|x86 = Debug|x86
		Release|Any CPU = Release|Any CPU
		Release|x64 = Release|x64
		Release|x86 = Release|x86
	EndGlobalSection
	GlobalSection(SolutionProperties) = preSolution
		HideSolutionNode = FALSE
	EndGlobalSection
	GlobalSection(ProjectConfigurationPlatforms) = postSolution
		{4CD5FA48-233A-4EF1-AD2E-BBF58D7D27EB}.Debug|Any CPU.ActiveCfg = Debug|Any CPU
		{4CD5FA48-233A-4EF1-AD2E-BBF58D7D27EB}.Debug|Any CPU.Build.0 = Debug|Any CPU
		{4CD5FA48-233A-4EF1-AD2E-BBF58D7D27EB}.Debug|x64.ActiveCfg = Debug|Any CPU
		{4CD5FA48-233A-4EF1-AD2E-BBF58D7D27EB}.Debug|x64.Build.0 = Debug|Any CPU
		{4CD5FA48-233A-4EF1-AD2E-BBF58D7D27EB}.Debug|x86.ActiveCfg = Debug|Any CPU
		{4CD5FA48-233A-4EF1-AD2E-BBF58D7D27EB}.Debug|x86.Build.0 = Debug|Any CPU
		{4CD5FA48-233A-4EF1-AD2E-BBF58D7D27EB}.Release|Any CPU.ActiveCfg = Release|Any CPU
		{4CD5FA48-233A-4EF1-AD2E-BBF58D7D27EB}.Release|Any CPU.Build.0 = Release|Any CPU
		{4CD5FA48-233A-4EF1-AD2E-BBF58D7D27EB}.Release|x64.ActiveCfg = Release|Any CPU
		{4CD5FA48-233A-4EF1-AD2E-BBF58D7D27EB}.Release|x64.Build.0 = Release|Any CPU
		{4CD5FA48-233A-4EF1-AD2E-BBF58D7D27EB}.Release|x86.ActiveCfg = Release|Any CPU
		{4CD5FA48-233A-4EF1-AD2E-BBF58D7D27EB}.Release|x86.Build.0 = Release|Any CPU
		{4A569870-ECBF-4877-895C-D3ECEE4C6708}.Debug|Any CPU.ActiveCfg = Debug|Any CPU
		{4A569870-ECBF-4877-895C-D3ECEE4C6708}.Debug|Any CPU.Build.0 = Debug|Any CPU
		{4A569870-ECBF-4877-895C-D3ECEE4C6708}.Debug|x64.ActiveCfg = Debug|Any CPU
		{4A569870-ECBF-4877-895C-D3ECEE4C6708}.Debug|x64.Build.0 = Debug|Any CPU
		{4A569870-ECBF-4877-895C-D3ECEE4C6708}.Debug|x86.ActiveCfg = Debug|Any CPU
		{4A569870-ECBF-4877-895C-D3ECEE4C6708}.Debug|x86.Build.0 = Debug|Any CPU
		{4A569870-ECBF-4877-895C-D3ECEE4C6708}.Release|Any CPU.ActiveCfg = Release|Any CPU
		{4A569870-ECBF-4877-895C-D3ECEE4C6708}.Release|Any CPU.Build.0 = Release|Any CPU
		{4A569870-ECBF-4877-895C-D3ECEE4C6708}.Release|x64.ActiveCfg = Release|Any CPU
		{4A569870-ECBF-4877-895C-D3ECEE4C6708}.Release|x64.Build.0 = Release|Any CPU
		{4A569870-ECBF-4877-895C-D3ECEE4C6708}.Release|x86.ActiveCfg = Release|Any CPU
		{4A569870-ECBF-4877-895C-D3ECEE4C6708}.Release|x86.Build.0 = Release|Any CPU
		{C09D51C2-5878-4A34-A368-3A1B329E1A5B}.Debug|Any CPU.ActiveCfg = Debug|Any CPU
		{C09D51C2-5878-4A34-A368-3A1B329E1A5B}.Debug|Any CPU.Build.0 = Debug|Any CPU
		{C09D51C2-5878-4A34-A368-3A1B329E1A5B}.Debug|x64.ActiveCfg = Debug|Any CPU
		{C09D51C2-5878-4A34-A368-3A1B329E1A5B}.Debug|x64.Build.0 = Debug|Any CPU
		{C09D51C2-5878-4A34-A368-3A1B329E1A5B}.Debug|x86.ActiveCfg = Debug|Any CPU
		{C09D51C2-5878-4A34-A368-3A1B329E1A5B}.Debug|x86.Build.0 = Debug|Any CPU
		{C09D51C2-5878-4A34-A368-3A1B329E1A5B}.Release|Any CPU.ActiveCfg = Release|Any CPU
		{C09D51C2-5878-4A34-A368-3A1B329E1A5B}.Release|Any CPU.Build.0 = Release|Any CPU
		{C09D51C2-5878-4A34-A368-3A1B329E1A5B}.Release|x64.ActiveCfg = Release|Any CPU
		{C09D51C2-5878-4A34-A368-3A1B329E1A5B}.Release|x64.Build.0 = Release|Any CPU
		{C09D51C2-5878-4A34-A368-3A1B329E1A5B}.Release|x86.ActiveCfg = Release|Any CPU
		{C09D51C2-5878-4A34-A368-3A1B329E1A5B}.Release|x86.Build.0 = Release|Any CPU
		{79A1E4A6-6820-44FA-8C63-D76557C635AC}.Debug|Any CPU.ActiveCfg = Debug|Any CPU
		{79A1E4A6-6820-44FA-8C63-D76557C635AC}.Debug|Any CPU.Build.0 = Debug|Any CPU
		{79A1E4A6-6820-44FA-8C63-D76557C635AC}.Debug|x64.ActiveCfg = Debug|Any CPU
		{79A1E4A6-6820-44FA-8C63-D76557C635AC}.Debug|x64.Build.0 = Debug|Any CPU
		{79A1E4A6-6820-44FA-8C63-D76557C635AC}.Debug|x86.ActiveCfg = Debug|Any CPU
		{79A1E4A6-6820-44FA-8C63-D76557C635AC}.Debug|x86.Build.0 = Debug|Any CPU
		{79A1E4A6-6820-44FA-8C63-D76557C635AC}.Release|Any CPU.ActiveCfg = Release|Any CPU
		{79A1E4A6-6820-44FA-8C63-D76557C635AC}.Release|Any CPU.Build.0 = Release|Any CPU
		{79A1E4A6-6820-44FA-8C63-D76557C635AC}.Release|x64.ActiveCfg = Release|Any CPU
		{79A1E4A6-6820-44FA-8C63-D76557C635AC}.Release|x64.Build.0 = Release|Any CPU
		{79A1E4A6-6820-44FA-8C63-D76557C635AC}.Release|x86.ActiveCfg = Release|Any CPU
		{79A1E4A6-6820-44FA-8C63-D76557C635AC}.Release|x86.Build.0 = Release|Any CPU
	EndGlobalSection
EndGlobal
